
Microsoft Visual Studio Solution File, Format Version 11.00
# Visual Studio 2010
Project("{FAE04EC0-301F-11D3-BF4B-00C04F79EFBC}") = "MultiGridPlayer", "MultiGridPlayer\MultiGridPlayer.csproj", "{EA4D4DB3-4001-4F0B-BE1A-3EA7AD58CBCA}"
EndProject
Global
	GlobalSection(SolutionConfigurationPlatforms) = preSolution
		Debug|Any CPU = Debug|Any CPU
		Release|Any CPU = Release|Any CPU
	EndGlobalSection
	GlobalSection(ProjectConfigurationPlatforms) = postSolution
		{EA4D4DB3-4001-4F0B-BE1A-3EA7AD58CBCA}.Debug|Any CPU.ActiveCfg = Debug|Any CPU
		{EA4D4DB3-4001-4F0B-BE1A-3EA7AD58CBCA}.Debug|Any CPU.Build.0 = Debug|Any CPU
		{EA4D4DB3-4001-4F0B-BE1A-3EA7AD58CBCA}.Release|Any CPU.ActiveCfg = Release|Any CPU
		{EA4D4DB3-4001-4F0B-BE1A-3EA7AD58CBCA}.Release|Any CPU.Build.0 = Release|Any CPU
	EndGlobalSection
	GlobalSection(SolutionProperties) = preSolution
		HideSolutionNode = FALSE
	EndGlobalSection
EndGlobal
